{
  "nodes": {
    "disko": {
      "inputs": {
        "nixpkgs": [
          "nixpkgs"
        ]
      },
      "locked": {
        "lastModified": 1714008123,
        "narHash": "sha256-zpJNUuOcVL3Yi60VPvpNhs77uIK1D0Ri2eeHcfdz8yg=",
        "owner": "nix-community",
        "repo": "disko",
        "rev": "db1150487c7cde696cf5c4bbb599b37b885ca592",
        "type": "github"
      },
      "original": {
        "owner": "nix-community",
        "repo": "disko",
        "type": "github"
      }
    },
    "nixpkgs": {
      "locked": {
        "lastModified": 1713895582,
        "narHash": "sha256-cfh1hi+6muQMbi9acOlju3V1gl8BEaZBXBR9jQfQi4U=",
        "owner": "nixos",
        "repo": "nixpkgs",
        "rev": "572af610f6151fd41c212f897c71f7056e3fb518",
        "type": "github"
      },
      "original": {
        "owner": "nixos",
        "ref": "nixos-unstable",
        "repo": "nixpkgs",
        "type": "github"
      }
    },
    "root": {
      "inputs": {
        "disko": "disko",
        "nixpkgs": "nixpkgs"
      }
    }
  },
  "root": "root",
  "version": 7
}
